# This file is automatically @generated by Cargo.
# It is not intended for manual editing.
[[package]]
name = "colodot"
version = "0.1.2"
source = "registry+https://github.com/rust-lang/crates.io-index"
checksum = "abb77133c59a5f9a4330bc2c96775c3670c01dd1b3d96c5fe24da3ca0603433b"
dependencies = [
 "lazy_static",
]

[[package]]
name = "lazy_static"
version = "1.4.0"
source = "registry+https://github.com/rust-lang/crates.io-index"
checksum = "e2abad23fbc42b3700f2f279844dc832adb2b2eb069b2df918f455c4e18cc646"

[[package]]
name = "rustocat"
version = "0.1.0"
dependencies = [
 "colodot",
]
